
Microsoft Visual Studio Solution File, Format Version 12.00
# Visual Studio Version 17
VisualStudioVersion = 17.5.33516.290
MinimumVisualStudioVersion = 10.0.40219.1
Project("{FAE04EC0-301F-11D3-BF4B-00C04F79EFBC}") = "wf01_simplewinapp", "wf01_simplewinapp\wf01_simplewinapp.csproj", "{2AB2130B-F0A7-44D4-A7CF-51ED735B9487}"
EndProject
Project("{FAE04EC0-301F-11D3-BF4B-00C04F79EFBC}") = "wf02_realWinApp1", "wf02_realWinApp1\wf02_realWinApp1.csproj", "{D3D9E29A-6933-479F-B056-313855D7C227}"
EndProject
Project("{FAE04EC0-301F-11D3-BF4B-00C04F79EFBC}") = "wf03_property", "wf03_property\wf03_property.csproj", "{5B4C1F84-4F3E-4363-84AD-BEFB14D1DF48}"
EndProject
Global
	GlobalSection(SolutionConfigurationPlatforms) = preSolution
		Debug|Any CPU = Debug|Any CPU
		Release|Any CPU = Release|Any CPU
	EndGlobalSection
	GlobalSection(ProjectConfigurationPlatforms) = postSolution
		{2AB2130B-F0A7-44D4-A7CF-51ED735B9487}.Debug|Any CPU.ActiveCfg = Debug|Any CPU
		{2AB2130B-F0A7-44D4-A7CF-51ED735B9487}.Debug|Any CPU.Build.0 = Debug|Any CPU
		{2AB2130B-F0A7-44D4-A7CF-51ED735B9487}.Release|Any CPU.ActiveCfg = Release|Any CPU
		{2AB2130B-F0A7-44D4-A7CF-51ED735B9487}.Release|Any CPU.Build.0 = Release|Any CPU
		{D3D9E29A-6933-479F-B056-313855D7C227}.Debug|Any CPU.ActiveCfg = Debug|Any CPU
		{D3D9E29A-6933-479F-B056-313855D7C227}.Debug|Any CPU.Build.0 = Debug|Any CPU
		{D3D9E29A-6933-479F-B056-313855D7C227}.Release|Any CPU.ActiveCfg = Release|Any CPU
		{D3D9E29A-6933-479F-B056-313855D7C227}.Release|Any CPU.Build.0 = Release|Any CPU
		{5B4C1F84-4F3E-4363-84AD-BEFB14D1DF48}.Debug|Any CPU.ActiveCfg = Debug|Any CPU
		{5B4C1F84-4F3E-4363-84AD-BEFB14D1DF48}.Debug|Any CPU.Build.0 = Debug|Any CPU
		{5B4C1F84-4F3E-4363-84AD-BEFB14D1DF48}.Release|Any CPU.ActiveCfg = Release|Any CPU
		{5B4C1F84-4F3E-4363-84AD-BEFB14D1DF48}.Release|Any CPU.Build.0 = Release|Any CPU
	EndGlobalSection
	GlobalSection(SolutionProperties) = preSolution
		HideSolutionNode = FALSE
	EndGlobalSection
	GlobalSection(ExtensibilityGlobals) = postSolution
		SolutionGuid = {A29C3E28-A61F-4C6B-8C35-6F6C6A6C9F77}
	EndGlobalSection
EndGlobal
