
Microsoft Visual Studio Solution File, Format Version 12.00
# Visual Studio Version 17
VisualStudioVersion = 17.5.33516.290
MinimumVisualStudioVersion = 10.0.40219.1
Project("{FAE04EC0-301F-11D3-BF4B-00C04F79EFBC}") = "cs20_abstractClass", "cs20_abstractClass\cs20_abstractClass.csproj", "{3BB79F67-FA34-43EC-A7AF-221D9A1B04A2}"
EndProject
Project("{FAE04EC0-301F-11D3-BF4B-00C04F79EFBC}") = "cs21_property", "cs21_property\cs21_property.csproj", "{56A37922-F959-40B1-B72D-A60CC1FBA337}"
EndProject
Project("{FAE04EC0-301F-11D3-BF4B-00C04F79EFBC}") = "cs22_collection", "cs22_collection\cs22_collection.csproj", "{C542DA37-9877-4BAE-9E88-169425644396}"
EndProject
Global
	GlobalSection(SolutionConfigurationPlatforms) = preSolution
		Debug|Any CPU = Debug|Any CPU
		Release|Any CPU = Release|Any CPU
	EndGlobalSection
	GlobalSection(ProjectConfigurationPlatforms) = postSolution
		{3BB79F67-FA34-43EC-A7AF-221D9A1B04A2}.Debug|Any CPU.ActiveCfg = Debug|Any CPU
		{3BB79F67-FA34-43EC-A7AF-221D9A1B04A2}.Debug|Any CPU.Build.0 = Debug|Any CPU
		{3BB79F67-FA34-43EC-A7AF-221D9A1B04A2}.Release|Any CPU.ActiveCfg = Release|Any CPU
		{3BB79F67-FA34-43EC-A7AF-221D9A1B04A2}.Release|Any CPU.Build.0 = Release|Any CPU
		{56A37922-F959-40B1-B72D-A60CC1FBA337}.Debug|Any CPU.ActiveCfg = Debug|Any CPU
		{56A37922-F959-40B1-B72D-A60CC1FBA337}.Debug|Any CPU.Build.0 = Debug|Any CPU
		{56A37922-F959-40B1-B72D-A60CC1FBA337}.Release|Any CPU.ActiveCfg = Release|Any CPU
		{56A37922-F959-40B1-B72D-A60CC1FBA337}.Release|Any CPU.Build.0 = Release|Any CPU
		{C542DA37-9877-4BAE-9E88-169425644396}.Debug|Any CPU.ActiveCfg = Debug|Any CPU
		{C542DA37-9877-4BAE-9E88-169425644396}.Debug|Any CPU.Build.0 = Debug|Any CPU
		{C542DA37-9877-4BAE-9E88-169425644396}.Release|Any CPU.ActiveCfg = Release|Any CPU
		{C542DA37-9877-4BAE-9E88-169425644396}.Release|Any CPU.Build.0 = Release|Any CPU
	EndGlobalSection
	GlobalSection(SolutionProperties) = preSolution
		HideSolutionNode = FALSE
	EndGlobalSection
	GlobalSection(ExtensibilityGlobals) = postSolution
		SolutionGuid = {915E9686-40AD-41F4-BE1B-930094852611}
	EndGlobalSection
EndGlobal
