
Microsoft Visual Studio Solution File, Format Version 12.00
# Visual Studio Version 17
VisualStudioVersion = 17.5.33516.290
MinimumVisualStudioVersion = 10.0.40219.1
Project("{FAE04EC0-301F-11D3-BF4B-00C04F79EFBC}") = "cs17_inheritance", "cs17_inheritance\cs17_inheritance.csproj", "{5970BC44-5138-4E53-B029-055F3DBF492A}"
EndProject
Project("{FAE04EC0-301F-11D3-BF4B-00C04F79EFBC}") = "cs18_override", "cs18_override\cs18_override.csproj", "{6D46ECE8-A1E9-4678-B364-90E858CAF3D0}"
EndProject
Project("{FAE04EC0-301F-11D3-BF4B-00C04F79EFBC}") = "cs19_interface", "cs19_interface\cs19_interface.csproj", "{19313608-538A-4188-8687-4B6A5FFFABB4}"
EndProject
Global
	GlobalSection(SolutionConfigurationPlatforms) = preSolution
		Debug|Any CPU = Debug|Any CPU
		Release|Any CPU = Release|Any CPU
	EndGlobalSection
	GlobalSection(ProjectConfigurationPlatforms) = postSolution
		{5970BC44-5138-4E53-B029-055F3DBF492A}.Debug|Any CPU.ActiveCfg = Debug|Any CPU
		{5970BC44-5138-4E53-B029-055F3DBF492A}.Debug|Any CPU.Build.0 = Debug|Any CPU
		{5970BC44-5138-4E53-B029-055F3DBF492A}.Release|Any CPU.ActiveCfg = Release|Any CPU
		{5970BC44-5138-4E53-B029-055F3DBF492A}.Release|Any CPU.Build.0 = Release|Any CPU
		{6D46ECE8-A1E9-4678-B364-90E858CAF3D0}.Debug|Any CPU.ActiveCfg = Debug|Any CPU
		{6D46ECE8-A1E9-4678-B364-90E858CAF3D0}.Debug|Any CPU.Build.0 = Debug|Any CPU
		{6D46ECE8-A1E9-4678-B364-90E858CAF3D0}.Release|Any CPU.ActiveCfg = Release|Any CPU
		{6D46ECE8-A1E9-4678-B364-90E858CAF3D0}.Release|Any CPU.Build.0 = Release|Any CPU
		{19313608-538A-4188-8687-4B6A5FFFABB4}.Debug|Any CPU.ActiveCfg = Debug|Any CPU
		{19313608-538A-4188-8687-4B6A5FFFABB4}.Debug|Any CPU.Build.0 = Debug|Any CPU
		{19313608-538A-4188-8687-4B6A5FFFABB4}.Release|Any CPU.ActiveCfg = Release|Any CPU
		{19313608-538A-4188-8687-4B6A5FFFABB4}.Release|Any CPU.Build.0 = Release|Any CPU
	EndGlobalSection
	GlobalSection(SolutionProperties) = preSolution
		HideSolutionNode = FALSE
	EndGlobalSection
	GlobalSection(ExtensibilityGlobals) = postSolution
		SolutionGuid = {3D7A4752-C28D-441C-8DA1-1F540C074843}
	EndGlobalSection
EndGlobal
